// !$*UTF8*$!
{
	archiveVersion = 1;
	classes = {
	};
	objectVersion = 46;
	objects = {

/* Begin PBXBuildFile section */
		158CD8041AF7BDD000EFC0B0 /* AppDelegate.swift in Sources */ = {isa = PBXBuildFile; fileRef = 158CD8031AF7BDD000EFC0B0 /* AppDelegate.swift */; };
		158CD8061AF7BDD000EFC0B0 /* ViewController.swift in Sources */ = {isa = PBXBuildFile; fileRef = 158CD8051AF7BDD000EFC0B0 /* ViewController.swift */; };
		158CD80B1AF7BDD000EFC0B0 /* Images.xcassets in Resources */ = {isa = PBXBuildFile; fileRef = 158CD80A1AF7BDD000EFC0B0 /* Images.xcassets */; };
		158CD8251AF7BE5200EFC0B0 /* iPad.storyboard in Resources */ = {isa = PBXBuildFile; fileRef = 158CD8231AF7BE5200EFC0B0 /* iPad.storyboard */; };
		158CD8261AF7BE5200EFC0B0 /* iPhone.storyboard in Resources */ = {isa = PBXBuildFile; fileRef = 158CD8241AF7BE5200EFC0B0 /* iPhone.storyboard */; };
/* End PBXBuildFile section */

/* Begin PBXFileReference section */
		158CD7FE1AF7BDCF00EFC0B0 /* SampleVideoPlayer.app */ = {isa = PBXFileReference; explicitFileType = wrapper.application; includeInIndex = 0; path = SampleVideoPlayer.app; sourceTree = BUILT_PRODUCTS_DIR; };
		158CD8021AF7BDD000EFC0B0 /* Info.plist */ = {isa = PBXFileReference; lastKnownFileType = text.plist.xml; path = Info.plist; sourceTree = "<group>"; };
		158CD8031AF7BDD000EFC0B0 /* AppDelegate.swift */ = {isa = PBXFileReference; lastKnownFileType = sourcecode.swift; path = AppDelegate.swift; sourceTree = "<group>"; };
		158CD8051AF7BDD000EFC0B0 /* ViewController.swift */ = {isa = PBXFileReference; lastKnownFileType = sourcecode.swift; path = ViewController.swift; sourceTree = "<group>"; };
		158CD80A1AF7BDD000EFC0B0 /* Images.xcassets */ = {isa = PBXFileReference; lastKnownFileType = folder.assetcatalog; path = Images.xcassets; sourceTree = "<group>"; };
		158CD8231AF7BE5200EFC0B0 /* iPad.storyboard */ = {isa = PBXFileReference; fileEncoding = 4; lastKnownFileType = file.storyboard; path = iPad.storyboard; sourceTree = "<group>"; };
		158CD8241AF7BE5200EFC0B0 /* iPhone.storyboard */ = {isa = PBXFileReference; fileEncoding = 4; lastKnownFileType = file.storyboard; path = iPhone.storyboard; sourceTree = "<group>"; };
/* End PBXFileReference section */

/* Begin PBXFrameworksBuildPhase section */
		158CD7FB1AF7BDCF00EFC0B0 /* Frameworks */ = {
			isa = PBXFrameworksBuildPhase;
			buildActionMask = 2147483647;
			files = (
			);
			runOnlyForDeploymentPostprocessing = 0;
		};
/* End PBXFrameworksBuildPhase section */

/* Begin PBXGroup section */
		158CD7F51AF7BDCF00EFC0B0 = {
			isa = PBXGroup;
			children = (
				158CD8001AF7BDCF00EFC0B0 /* SampleVideoPlayer */,
				158CD7FF1AF7BDCF00EFC0B0 /* Products */,
			);
			sourceTree = "<group>";
		};
		158CD7FF1AF7BDCF00EFC0B0 /* Products */ = {
			isa = PBXGroup;
			children = (
				158CD7FE1AF7BDCF00EFC0B0 /* SampleVideoPlayer.app */,
			);
			name = Products;
			sourceTree = "<group>";
		};
		158CD8001AF7BDCF00EFC0B0 /* SampleVideoPlayer */ = {
			isa = PBXGroup;
			children = (
				158CD8231AF7BE5200EFC0B0 /* iPad.storyboard */,
				158CD8241AF7BE5200EFC0B0 /* iPhone.storyboard */,
				158CD8031AF7BDD000EFC0B0 /* AppDelegate.swift */,
				158CD8051AF7BDD000EFC0B0 /* ViewController.swift */,
				158CD80A1AF7BDD000EFC0B0 /* Images.xcassets */,
				158CD8011AF7BDCF00EFC0B0 /* Supporting Files */,
			);
			path = SampleVideoPlayer;
			sourceTree = "<group>";
		};
		158CD8011AF7BDCF00EFC0B0 /* Supporting Files */ = {
			isa = PBXGroup;
			children = (
				158CD8021AF7BDD000EFC0B0 /* Info.plist */,
			);
			name = "Supporting Files";
			sourceTree = "<group>";
		};
/* End PBXGroup section */

/* Begin PBXNativeTarget section */
		158CD7FD1AF7BDCF00EFC0B0 /* SampleVideoPlayer */ = {
			isa = PBXNativeTarget;
			buildConfigurationList = 158CD81D1AF7BDD000EFC0B0 /* Build configuration list for PBXNativeTarget "SampleVideoPlayer" */;
			buildPhases = (
				158CD7FA1AF7BDCF00EFC0B0 /* Sources */,
				158CD7FB1AF7BDCF00EFC0B0 /* Frameworks */,
				158CD7FC1AF7BDCF00EFC0B0 /* Resources */,
			);
			buildRules = (
			);
			dependencies = (
			);
			name = SampleVideoPlayer;
			productName = SampleVideoPlayer;
			productReference = 158CD7FE1AF7BDCF00EFC0B0 /* SampleVideoPlayer.app */;
			productType = "com.apple.product-type.application";
		};
/* End PBXNativeTarget section */

/* Begin PBXProject section */
		158CD7F61AF7BDCF00EFC0B0 /* Project object */ = {
			isa = PBXProject;
			attributes = {
				LastSwiftUpdateCheck = 0700;
				LastUpgradeCheck = 0800;
				ORGANIZATIONNAME = "Google, Inc.";
				TargetAttributes = {
					158CD7FD1AF7BDCF00EFC0B0 = {
						CreatedOnToolsVersion = 6.3;
						LastSwiftMigration = 0900;
					};
				};
			};
			buildConfigurationList = 158CD7F91AF7BDCF00EFC0B0 /* Build configuration list for PBXProject "SampleVideoPlayer" */;
			compatibilityVersion = "Xcode 3.2";
			developmentRegion = English;
			hasScannedForEncodings = 0;
			knownRegions = (
				English,
				en,
				Base,
			);
			mainGroup = 158CD7F51AF7BDCF00EFC0B0;
			productRefGroup = 158CD7FF1AF7BDCF00EFC0B0 /* Products */;
			projectDirPath = "";
			projectRoot = "";
			targets = (
				158CD7FD1AF7BDCF00EFC0B0 /* SampleVideoPlayer */,
			);
		};
/* End PBXProject section */

/* Begin PBXResourcesBuildPhase section */
		158CD7FC1AF7BDCF00EFC0B0 /* Resources */ = {
			isa = PBXResourcesBuildPhase;
			buildActionMask = 2147483647;
			files = (
				158CD8251AF7BE5200EFC0B0 /* iPad.storyboard in Resources */,
				158CD8261AF7BE5200EFC0B0 /* iPhone.storyboard in Resources */,
				158CD80B1AF7BDD000EFC0B0 /* Images.xcassets in Resources */,
			);
			runOnlyForDeploymentPostprocessing = 0;
		};
/* End PBXResourcesBuildPhase section */

/* Begin PBXSourcesBuildPhase section */
		158CD7FA1AF7BDCF00EFC0B0 /* Sources */ = {
			isa = PBXSourcesBuildPhase;
			buildActionMask = 2147483647;
			files = (
				158CD8061AF7BDD000EFC0B0 /* ViewController.swift in Sources */,
				158CD8041AF7BDD000EFC0B0 /* AppDelegate.swift in Sources */,
			);
			runOnlyForDeploymentPostprocessing = 0;
		};
/* End PBXSourcesBuildPhase section */

/* Begin XCBuildConfiguration section */
		158CD81B1AF7BDD000EFC0B0 /* Debug */ = {
			isa = XCBuildConfiguration;
			buildSettings = {
				ALWAYS_SEARCH_USER_PATHS = NO;
				CLANG_CXX_LANGUAGE_STANDARD = "gnu++0x";
				CLANG_CXX_LIBRARY = "libc++";
				CLANG_ENABLE_MODULES = YES;
				CLANG_ENABLE_OBJC_ARC = YES;
				CLANG_WARN_BOOL_CONVERSION = YES;
				CLANG_WARN_CONSTANT_CONVERSION = YES;
				CLANG_WARN_DIRECT_OBJC_ISA_USAGE = YES_ERROR;
				CLANG_WARN_EMPTY_BODY = YES;
				CLANG_WARN_ENUM_CONVERSION = YES;
				CLANG_WARN_INFINITE_RECURSION = YES;
				CLANG_WARN_INT_CONVERSION = YES;
				CLANG_WARN_OBJC_ROOT_CLASS = YES_ERROR;
				CLANG_WARN_SUSPICIOUS_MOVE = YES;
				CLANG_WARN_UNREACHABLE_CODE = YES;
				CLANG_WARN__DUPLICATE_METHOD_MATCH = YES;
				"CODE_SIGN_IDENTITY[sdk=iphoneos*]" = "iPhone Developer";
				COPY_PHASE_STRIP = NO;
				DEBUG_INFORMATION_FORMAT = "dwarf-with-dsym";
				ENABLE_STRICT_OBJC_MSGSEND = YES;
				ENABLE_TESTABILITY = YES;
				GCC_C_LANGUAGE_STANDARD = gnu99;
				GCC_DYNAMIC_NO_PIC = NO;
				GCC_NO_COMMON_BLOCKS = YES;
				GCC_OPTIMIZATION_LEVEL = 0;
				GCC_PREPROCESSOR_DEFINITIONS = (
					"DEBUG=1",
					"$(inherited)",
				);
				GCC_SYMBOLS_PRIVATE_EXTERN = NO;
				GCC_WARN_64_TO_32_BIT_CONVERSION = YES;
				GCC_WARN_ABOUT_RETURN_TYPE = YES_ERROR;
				GCC_WARN_UNDECLARED_SELECTOR = YES;
				GCC_WARN_UNINITIALIZED_AUTOS = YES_AGGRESSIVE;
				GCC_WARN_UNUSED_FUNCTION = YES;
				GCC_WARN_UNUSED_VARIABLE = YES;
				IPHONEOS_DEPLOYMENT_TARGET = 11.0;
				MTL_ENABLE_DEBUG_INFO = YES;
				ONLY_ACTIVE_ARCH = YES;
				SDKROOT = iphoneos;
				SWIFT_OPTIMIZATION_LEVEL = "-Onone";
				TARGETED_DEVICE_FAMILY = "1,2";
			};
			name = Debug;
		};
		158CD81C1AF7BDD000EFC0B0 /* Release */ = {
			isa = XCBuildConfiguration;
			buildSettings = {
				ALWAYS_SEARCH_USER_PATHS = NO;
				CLANG_CXX_LANGUAGE_STANDARD = "gnu++0x";
				CLANG_CXX_LIBRARY = "libc++";
				CLANG_ENABLE_MODULES = YES;
				CLANG_ENABLE_OBJC_ARC = YES;
				CLANG_WARN_BOOL_CONVERSION = YES;
				CLANG_WARN_CONSTANT_CONVERSION = YES;
				CLANG_WARN_DIRECT_OBJC_ISA_USAGE = YES_ERROR;
				CLANG_WARN_EMPTY_BODY = YES;
				CLANG_WARN_ENUM_CONVERSION = YES;
				CLANG_WARN_INFINITE_RECURSION = YES;
				CLANG_WARN_INT_CONVERSION = YES;
				CLANG_WARN_OBJC_ROOT_CLASS = YES_ERROR;
				CLANG_WARN_SUSPICIOUS_MOVE = YES;
				CLANG_WARN_UNREACHABLE_CODE = YES;
				CLANG_WARN__DUPLICATE_METHOD_MATCH = YES;
				"CODE_SIGN_IDENTITY[sdk=iphoneos*]" = "iPhone Developer";
				COPY_PHASE_STRIP = NO;
				DEBUG_INFORMATION_FORMAT = "dwarf-with-dsym";
				ENABLE_NS_ASSERTIONS = NO;
				ENABLE_STRICT_OBJC_MSGSEND = YES;
				GCC_C_LANGUAGE_STANDARD = gnu99;
				GCC_NO_COMMON_BLOCKS = YES;
				GCC_WARN_64_TO_32_BIT_CONVERSION = YES;
				GCC_WARN_ABOUT_RETURN_TYPE = YES_ERROR;
				GCC_WARN_UNDECLARED_SELECTOR = YES;
				GCC_WARN_UNINITIALIZED_AUTOS = YES_AGGRESSIVE;
				GCC_WARN_UNUSED_FUNCTION = YES;
				GCC_WARN_UNUSED_VARIABLE = YES;
				IPHONEOS_DEPLOYMENT_TARGET = 11.0;
				MTL_ENABLE_DEBUG_INFO = NO;
				SDKROOT = iphoneos;
				SWIFT_OPTIMIZATION_LEVEL = "-Owholemodule";
				TARGETED_DEVICE_FAMILY = "1,2";
				VALIDATE_PRODUCT = YES;
			};
			name = Release;
		};
		158CD81E1AF7BDD000EFC0B0 /* Debug */ = {
			isa = XCBuildConfiguration;
			buildSettings = {
				ASSETCATALOG_COMPILER_APPICON_NAME = AppIcon;
				ENABLE_BITCODE = YES;
				INFOPLIST_FILE = SampleVideoPlayer/Info.plist;
				LD_RUNPATH_SEARCH_PATHS = "$(inherited) @executable_path/Frameworks";
				OTHER_LDFLAGS = "$(inherited)";
				PRODUCT_BUNDLE_IDENTIFIER = "com.google.ima.$(PRODUCT_NAME:rfc1034identifier)";
				PRODUCT_NAME = "$(TARGET_NAME)";
				SWIFT_SWIFT3_OBJC_INFERENCE = Default;
				SWIFT_VERSION = 4.0;
			};
			name = Debug;
		};
		158CD81F1AF7BDD000EFC0B0 /* Release */ = {
			isa = XCBuildConfiguration;
			buildSettings = {
				ASSETCATALOG_COMPILER_APPICON_NAME = AppIcon;
				ENABLE_BITCODE = YES;
				INFOPLIST_FILE = SampleVideoPlayer/Info.plist;
				LD_RUNPATH_SEARCH_PATHS = "$(inherited) @executable_path/Frameworks";
				OTHER_LDFLAGS = "$(inherited)";
				PRODUCT_BUNDLE_IDENTIFIER = "com.google.ima.$(PRODUCT_NAME:rfc1034identifier)";
				PRODUCT_NAME = "$(TARGET_NAME)";
				SWIFT_SWIFT3_OBJC_INFERENCE = Default;
				SWIFT_VERSION = 4.0;
			};
			name = Release;
		};
/* End XCBuildConfiguration section */

/* Begin XCConfigurationList section */
		158CD7F91AF7BDCF00EFC0B0 /* Build configuration list for PBXProject "SampleVideoPlayer" */ = {
			isa = XCConfigurationList;
			buildConfigurations = (
				158CD81B1AF7BDD000EFC0B0 /* Debug */,
				158CD81C1AF7BDD000EFC0B0 /* Release */,
			);
			defaultConfigurationIsVisible = 0;
			defaultConfigurationName = Release;
		};
		158CD81D1AF7BDD000EFC0B0 /* Build configuration list for PBXNativeTarget "SampleVideoPlayer" */ = {
			isa = XCConfigurationList;
			buildConfigurations = (
				158CD81E1AF7BDD000EFC0B0 /* Debug */,
				158CD81F1AF7BDD000EFC0B0 /* Release */,
			);
			defaultConfigurationIsVisible = 0;
			defaultConfigurationName = Release;
		};
/* End XCConfigurationList section */
	};
	rootObject = 158CD7F61AF7BDCF00EFC0B0 /* Project object */;
}
