PODS:
  - google-cast-sdk (4.3.0):
    - google-cast-sdk/Core (= 4.3.0)
  - google-cast-sdk/Core (4.3.0)
  - GoogleAds-IMA-iOS-SDK (3.7.2)

DEPENDENCIES:
  - google-cast-sdk
  - GoogleAds-IMA-iOS-SDK (~> 3.7)

SPEC REPOS:
  https://github.com/cocoapods/specs.git:
    - google-cast-sdk
    - GoogleAds-IMA-iOS-SDK

SPEC CHECKSUMS:
  google-cast-sdk: 57cd67b4a0966802b2738fcbbc103125c98cc8a1
  GoogleAds-IMA-iOS-SDK: 58693326633b35aa7e95c45693ec0bb8e88086de

PODFILE CHECKSUM: c9ffeecd134e587190bed1850278ed6b2d36865d

COCOAPODS: 1.5.3
